
Microsoft Visual Studio Solution File, Format Version 12.00
# Visual Studio Version 16
VisualStudioVersion = 16.0.30330.147
MinimumVisualStudioVersion = 10.0.40219.1
Project("{8BC9CEB8-8B4A-11D0-8D11-00A0C91BC942}") = "Double_Buffer1", "Double_Buffer1.vcxproj", "{0658EC34-CE0A-4CD0-BCE6-664737169182}"
EndProject
Global
	GlobalSection(SolutionConfigurationPlatforms) = preSolution
		Debug|x64 = Debug|x64
		Debug|x86 = Debug|x86
		Release|x64 = Release|x64
		Release|x86 = Release|x86
	EndGlobalSection
	GlobalSection(ProjectConfigurationPlatforms) = postSolution
		{0658EC34-CE0A-4CD0-BCE6-664737169182}.Debug|x64.ActiveCfg = Debug|x64
		{0658EC34-CE0A-4CD0-BCE6-664737169182}.Debug|x64.Build.0 = Debug|x64
		{0658EC34-CE0A-4CD0-BCE6-664737169182}.Debug|x86.ActiveCfg = Debug|Win32
		{0658EC34-CE0A-4CD0-BCE6-664737169182}.Debug|x86.Build.0 = Debug|Win32
		{0658EC34-CE0A-4CD0-BCE6-664737169182}.Release|x64.ActiveCfg = Release|x64
		{0658EC34-CE0A-4CD0-BCE6-664737169182}.Release|x64.Build.0 = Release|x64
		{0658EC34-CE0A-4CD0-BCE6-664737169182}.Release|x86.ActiveCfg = Release|Win32
		{0658EC34-CE0A-4CD0-BCE6-664737169182}.Release|x86.Build.0 = Release|Win32
	EndGlobalSection
	GlobalSection(SolutionProperties) = preSolution
		HideSolutionNode = FALSE
	EndGlobalSection
	GlobalSection(ExtensibilityGlobals) = postSolution
		SolutionGuid = {8AD33315-CDF1-4C91-BF43-7D741F2BE0C3}
	EndGlobalSection
EndGlobal
